
Microsoft Visual Studio Solution File, Format Version 12.00
# Visual Studio Version 17
VisualStudioVersion = 17.10.35013.160
MinimumVisualStudioVersion = 10.0.40219.1
Project("{9A19103F-16F7-4668-BE54-9A1E7A4F7556}") = "ATV_Common_WebAPI", "ATV_Common_WebAPI.csproj", "{358CA73B-224F-4E0F-B660-118733E0E73A}"
EndProject
Global
	GlobalSection(SolutionConfigurationPlatforms) = preSolution
		Debug|Any CPU = Debug|Any CPU
		Release|Any CPU = Release|Any CPU
	EndGlobalSection
	GlobalSection(ProjectConfigurationPlatforms) = postSolution
		{358CA73B-224F-4E0F-B660-118733E0E73A}.Debug|Any CPU.ActiveCfg = Debug|Any CPU
		{358CA73B-224F-4E0F-B660-118733E0E73A}.Debug|Any CPU.Build.0 = Debug|Any CPU
		{358CA73B-224F-4E0F-B660-118733E0E73A}.Release|Any CPU.ActiveCfg = Release|Any CPU
		{358CA73B-224F-4E0F-B660-118733E0E73A}.Release|Any CPU.Build.0 = Release|Any CPU
	EndGlobalSection
	GlobalSection(SolutionProperties) = preSolution
		HideSolutionNode = FALSE
	EndGlobalSection
	GlobalSection(ExtensibilityGlobals) = postSolution
		SolutionGuid = {507A9538-EFEA-4C4B-BB52-5882E8CA0380}
	EndGlobalSection
EndGlobal
